
Microsoft Visual Studio Solution File, Format Version 12.00
# Visual Studio Version 17
VisualStudioVersion = 17.8.34525.116
MinimumVisualStudioVersion = 10.0.40219.1
Project("{FAE04EC0-301F-11D3-BF4B-00C04F79EFBC}") = "Tarea[Práctica 2]", "Tarea[Práctica 2]\Tarea[Práctica 2].csproj", "{DCD41C98-C777-4125-AEC1-9236CCFB7A09}"
EndProject
Global
	GlobalSection(SolutionConfigurationPlatforms) = preSolution
		Debug|Any CPU = Debug|Any CPU
		Release|Any CPU = Release|Any CPU
	EndGlobalSection
	GlobalSection(ProjectConfigurationPlatforms) = postSolution
		{DCD41C98-C777-4125-AEC1-9236CCFB7A09}.Debug|Any CPU.ActiveCfg = Debug|Any CPU
		{DCD41C98-C777-4125-AEC1-9236CCFB7A09}.Debug|Any CPU.Build.0 = Debug|Any CPU
		{DCD41C98-C777-4125-AEC1-9236CCFB7A09}.Release|Any CPU.ActiveCfg = Release|Any CPU
		{DCD41C98-C777-4125-AEC1-9236CCFB7A09}.Release|Any CPU.Build.0 = Release|Any CPU
	EndGlobalSection
	GlobalSection(SolutionProperties) = preSolution
		HideSolutionNode = FALSE
	EndGlobalSection
	GlobalSection(ExtensibilityGlobals) = postSolution
		SolutionGuid = {8E95BFEE-4761-43C8-B36B-53E8F80F57BE}
	EndGlobalSection
EndGlobal
